
Microsoft Visual Studio Solution File, Format Version 12.00
# Visual Studio Version 17
VisualStudioVersion = 17.3.32825.248
MinimumVisualStudioVersion = 10.0.40219.1
Project("{9A19103F-16F7-4668-BE54-9A1E7A4F7556}") = "MaciLaci", "MaciLaci\MaciLaci.csproj", "{6A49CBEF-CFA4-4582-BC6C-49FDF0499AFF}"
EndProject
Project("{9A19103F-16F7-4668-BE54-9A1E7A4F7556}") = "MaciLaciWinForms", "MaciLaciWinForms\MaciLaciWinForms.csproj", "{1C51F402-0FAD-47EE-BB3A-AC250E50A151}"
EndProject
Project("{FAE04EC0-301F-11D3-BF4B-00C04F79EFBC}") = "MaciLaciTest", "MaciLaciTest\MaciLaciTest.csproj", "{0D68F1FE-462A-4545-BB97-F1AAE3DA1C4E}"
EndProject
Global
	GlobalSection(SolutionConfigurationPlatforms) = preSolution
		Debug|Any CPU = Debug|Any CPU
		Release|Any CPU = Release|Any CPU
	EndGlobalSection
	GlobalSection(ProjectConfigurationPlatforms) = postSolution
		{6A49CBEF-CFA4-4582-BC6C-49FDF0499AFF}.Debug|Any CPU.ActiveCfg = Debug|Any CPU
		{6A49CBEF-CFA4-4582-BC6C-49FDF0499AFF}.Debug|Any CPU.Build.0 = Debug|Any CPU
		{6A49CBEF-CFA4-4582-BC6C-49FDF0499AFF}.Release|Any CPU.ActiveCfg = Release|Any CPU
		{6A49CBEF-CFA4-4582-BC6C-49FDF0499AFF}.Release|Any CPU.Build.0 = Release|Any CPU
		{1C51F402-0FAD-47EE-BB3A-AC250E50A151}.Debug|Any CPU.ActiveCfg = Debug|Any CPU
		{1C51F402-0FAD-47EE-BB3A-AC250E50A151}.Debug|Any CPU.Build.0 = Debug|Any CPU
		{1C51F402-0FAD-47EE-BB3A-AC250E50A151}.Release|Any CPU.ActiveCfg = Release|Any CPU
		{1C51F402-0FAD-47EE-BB3A-AC250E50A151}.Release|Any CPU.Build.0 = Release|Any CPU
		{0D68F1FE-462A-4545-BB97-F1AAE3DA1C4E}.Debug|Any CPU.ActiveCfg = Debug|Any CPU
		{0D68F1FE-462A-4545-BB97-F1AAE3DA1C4E}.Debug|Any CPU.Build.0 = Debug|Any CPU
		{0D68F1FE-462A-4545-BB97-F1AAE3DA1C4E}.Release|Any CPU.ActiveCfg = Release|Any CPU
		{0D68F1FE-462A-4545-BB97-F1AAE3DA1C4E}.Release|Any CPU.Build.0 = Release|Any CPU
	EndGlobalSection
	GlobalSection(SolutionProperties) = preSolution
		HideSolutionNode = FALSE
	EndGlobalSection
	GlobalSection(ExtensibilityGlobals) = postSolution
		SolutionGuid = {C304A7FB-1EF6-4D3C-8F2A-1BB1D31A4753}
	EndGlobalSection
EndGlobal
